// !$*UTF8*$!
{
	archiveVersion = 1;
	classes = {
	};
	objectVersion = 56;
	objects = {

/* Begin PBXBuildFile section */
		5413F44C2BC08C160082C016 /* AnyCancelable.swift in Sources */ = {isa = PBXBuildFile; fileRef = 5413F44B2BC08C160082C016 /* AnyCancelable.swift */; };
		5413F44F2BC0987B0082C016 /* Lesson 3.swift in Sources */ = {isa = PBXBuildFile; fileRef = 5413F44E2BC0987B0082C016 /* Lesson 3.swift */; };
		546DAEA32BC0183C0070E435 /* CombineLessonsApp.swift in Sources */ = {isa = PBXBuildFile; fileRef = 546DAEA22BC0183C0070E435 /* CombineLessonsApp.swift */; };
		546DAEA52BC0183C0070E435 /* ContentView.swift in Sources */ = {isa = PBXBuildFile; fileRef = 546DAEA42BC0183C0070E435 /* ContentView.swift */; };
		546DAEA72BC0183D0070E435 /* Assets.xcassets in Resources */ = {isa = PBXBuildFile; fileRef = 546DAEA62BC0183D0070E435 /* Assets.xcassets */; };
		546DAEAA2BC0183D0070E435 /* Preview Assets.xcassets in Resources */ = {isa = PBXBuildFile; fileRef = 546DAEA92BC0183D0070E435 /* Preview Assets.xcassets */; };
		546DAEB52BC0210E0070E435 /* FirstPipline.swift in Sources */ = {isa = PBXBuildFile; fileRef = 546DAEB42BC0210E0070E435 /* FirstPipline.swift */; };
/* End PBXBuildFile section */

/* Begin PBXFileReference section */
		5413F44B2BC08C160082C016 /* AnyCancelable.swift */ = {isa = PBXFileReference; lastKnownFileType = sourcecode.swift; path = AnyCancelable.swift; sourceTree = "<group>"; };
		5413F44E2BC0987B0082C016 /* Lesson 3.swift */ = {isa = PBXFileReference; lastKnownFileType = sourcecode.swift; path = "Lesson 3.swift"; sourceTree = "<group>"; };
		546DAE9F2BC0183C0070E435 /* CombineLessons.app */ = {isa = PBXFileReference; explicitFileType = wrapper.application; includeInIndex = 0; path = CombineLessons.app; sourceTree = BUILT_PRODUCTS_DIR; };
		546DAEA22BC0183C0070E435 /* CombineLessonsApp.swift */ = {isa = PBXFileReference; lastKnownFileType = sourcecode.swift; path = CombineLessonsApp.swift; sourceTree = "<group>"; };
		546DAEA42BC0183C0070E435 /* ContentView.swift */ = {isa = PBXFileReference; lastKnownFileType = sourcecode.swift; path = ContentView.swift; sourceTree = "<group>"; };
		546DAEA62BC0183D0070E435 /* Assets.xcassets */ = {isa = PBXFileReference; lastKnownFileType = folder.assetcatalog; path = Assets.xcassets; sourceTree = "<group>"; };
		546DAEA92BC0183D0070E435 /* Preview Assets.xcassets */ = {isa = PBXFileReference; lastKnownFileType = folder.assetcatalog; path = "Preview Assets.xcassets"; sourceTree = "<group>"; };
		546DAEB42BC0210E0070E435 /* FirstPipline.swift */ = {isa = PBXFileReference; lastKnownFileType = sourcecode.swift; path = FirstPipline.swift; sourceTree = "<group>"; };
/* End PBXFileReference section */

/* Begin PBXFrameworksBuildPhase section */
		546DAE9C2BC0183C0070E435 /* Frameworks */ = {
			isa = PBXFrameworksBuildPhase;
			buildActionMask = 2147483647;
			files = (
			);
			runOnlyForDeploymentPostprocessing = 0;
		};
/* End PBXFrameworksBuildPhase section */

/* Begin PBXGroup section */
		5413F44A2BC08C030082C016 /* Lesson 2 */ = {
			isa = PBXGroup;
			children = (
				5413F44B2BC08C160082C016 /* AnyCancelable.swift */,
			);
			path = "Lesson 2";
			sourceTree = "<group>";
		};
		5413F44D2BC098710082C016 /* Lesson 3 */ = {
			isa = PBXGroup;
			children = (
				5413F44E2BC0987B0082C016 /* Lesson 3.swift */,
			);
			path = "Lesson 3";
			sourceTree = "<group>";
		};
		546DAE962BC0183C0070E435 = {
			isa = PBXGroup;
			children = (
				546DAEA12BC0183C0070E435 /* CombineLessons */,
				546DAEA02BC0183C0070E435 /* Products */,
			);
			sourceTree = "<group>";
		};
		546DAEA02BC0183C0070E435 /* Products */ = {
			isa = PBXGroup;
			children = (
				546DAE9F2BC0183C0070E435 /* CombineLessons.app */,
			);
			name = Products;
			sourceTree = "<group>";
		};
		546DAEA12BC0183C0070E435 /* CombineLessons */ = {
			isa = PBXGroup;
			children = (
				5413F44D2BC098710082C016 /* Lesson 3 */,
				5413F44A2BC08C030082C016 /* Lesson 2 */,
				546DAEB32BC020FB0070E435 /* Lesson 1 */,
				546DAEA22BC0183C0070E435 /* CombineLessonsApp.swift */,
				546DAEA42BC0183C0070E435 /* ContentView.swift */,
				546DAEA62BC0183D0070E435 /* Assets.xcassets */,
				546DAEA82BC0183D0070E435 /* Preview Content */,
			);
			path = CombineLessons;
			sourceTree = "<group>";
		};
		546DAEA82BC0183D0070E435 /* Preview Content */ = {
			isa = PBXGroup;
			children = (
				546DAEA92BC0183D0070E435 /* Preview Assets.xcassets */,
			);
			path = "Preview Content";
			sourceTree = "<group>";
		};
		546DAEB32BC020FB0070E435 /* Lesson 1 */ = {
			isa = PBXGroup;
			children = (
				546DAEB42BC0210E0070E435 /* FirstPipline.swift */,
			);
			path = "Lesson 1";
			sourceTree = "<group>";
		};
/* End PBXGroup section */

/* Begin PBXNativeTarget section */
		546DAE9E2BC0183C0070E435 /* CombineLessons */ = {
			isa = PBXNativeTarget;
			buildConfigurationList = 546DAEAD2BC0183D0070E435 /* Build configuration list for PBXNativeTarget "CombineLessons" */;
			buildPhases = (
				546DAE9B2BC0183C0070E435 /* Sources */,
				546DAE9C2BC0183C0070E435 /* Frameworks */,
				546DAE9D2BC0183C0070E435 /* Resources */,
			);
			buildRules = (
			);
			dependencies = (
			);
			name = CombineLessons;
			productName = CombineLessons;
			productReference = 546DAE9F2BC0183C0070E435 /* CombineLessons.app */;
			productType = "com.apple.product-type.application";
		};
/* End PBXNativeTarget section */

/* Begin PBXProject section */
		546DAE972BC0183C0070E435 /* Project object */ = {
			isa = PBXProject;
			attributes = {
				BuildIndependentTargetsInParallel = 1;
				LastSwiftUpdateCheck = 1530;
				LastUpgradeCheck = 1530;
				TargetAttributes = {
					546DAE9E2BC0183C0070E435 = {
						CreatedOnToolsVersion = 15.3;
					};
				};
			};
			buildConfigurationList = 546DAE9A2BC0183C0070E435 /* Build configuration list for PBXProject "CombineLessons" */;
			compatibilityVersion = "Xcode 14.0";
			developmentRegion = en;
			hasScannedForEncodings = 0;
			knownRegions = (
				en,
				Base,
			);
			mainGroup = 546DAE962BC0183C0070E435;
			productRefGroup = 546DAEA02BC0183C0070E435 /* Products */;
			projectDirPath = "";
			projectRoot = "";
			targets = (
				546DAE9E2BC0183C0070E435 /* CombineLessons */,
			);
		};
/* End PBXProject section */

/* Begin PBXResourcesBuildPhase section */
		546DAE9D2BC0183C0070E435 /* Resources */ = {
			isa = PBXResourcesBuildPhase;
			buildActionMask = 2147483647;
			files = (
				546DAEAA2BC0183D0070E435 /* Preview Assets.xcassets in Resources */,
				546DAEA72BC0183D0070E435 /* Assets.xcassets in Resources */,
			);
			runOnlyForDeploymentPostprocessing = 0;
		};
/* End PBXResourcesBuildPhase section */

/* Begin PBXSourcesBuildPhase section */
		546DAE9B2BC0183C0070E435 /* Sources */ = {
			isa = PBXSourcesBuildPhase;
			buildActionMask = 2147483647;
			files = (
				5413F44C2BC08C160082C016 /* AnyCancelable.swift in Sources */,
				546DAEB52BC0210E0070E435 /* FirstPipline.swift in Sources */,
				546DAEA52BC0183C0070E435 /* ContentView.swift in Sources */,
				546DAEA32BC0183C0070E435 /* CombineLessonsApp.swift in Sources */,
				5413F44F2BC0987B0082C016 /* Lesson 3.swift in Sources */,
			);
			runOnlyForDeploymentPostprocessing = 0;
		};
/* End PBXSourcesBuildPhase section */

/* Begin XCBuildConfiguration section */
		546DAEAB2BC0183D0070E435 /* Debug */ = {
			isa = XCBuildConfiguration;
			buildSettings = {
				ALWAYS_SEARCH_USER_PATHS = NO;
				ASSETCATALOG_COMPILER_GENERATE_SWIFT_ASSET_SYMBOL_EXTENSIONS = YES;
				CLANG_ANALYZER_NONNULL = YES;
				CLANG_ANALYZER_NUMBER_OBJECT_CONVERSION = YES_AGGRESSIVE;
				CLANG_CXX_LANGUAGE_STANDARD = "gnu++20";
				CLANG_ENABLE_MODULES = YES;
				CLANG_ENABLE_OBJC_ARC = YES;
				CLANG_ENABLE_OBJC_WEAK = YES;
				CLANG_WARN_BLOCK_CAPTURE_AUTORELEASING = YES;
				CLANG_WARN_BOOL_CONVERSION = YES;
				CLANG_WARN_COMMA = YES;
				CLANG_WARN_CONSTANT_CONVERSION = YES;
				CLANG_WARN_DEPRECATED_OBJC_IMPLEMENTATIONS = YES;
				CLANG_WARN_DIRECT_OBJC_ISA_USAGE = YES_ERROR;
				CLANG_WARN_DOCUMENTATION_COMMENTS = YES;
				CLANG_WARN_EMPTY_BODY = YES;
				CLANG_WARN_ENUM_CONVERSION = YES;
				CLANG_WARN_INFINITE_RECURSION = YES;
				CLANG_WARN_INT_CONVERSION = YES;
				CLANG_WARN_NON_LITERAL_NULL_CONVERSION = YES;
				CLANG_WARN_OBJC_IMPLICIT_RETAIN_SELF = YES;
				CLANG_WARN_OBJC_LITERAL_CONVERSION = YES;
				CLANG_WARN_OBJC_ROOT_CLASS = YES_ERROR;
				CLANG_WARN_QUOTED_INCLUDE_IN_FRAMEWORK_HEADER = YES;
				CLANG_WARN_RANGE_LOOP_ANALYSIS = YES;
				CLANG_WARN_STRICT_PROTOTYPES = YES;
				CLANG_WARN_SUSPICIOUS_MOVE = YES;
				CLANG_WARN_UNGUARDED_AVAILABILITY = YES_AGGRESSIVE;
				CLANG_WARN_UNREACHABLE_CODE = YES;
				CLANG_WARN__DUPLICATE_METHOD_MATCH = YES;
				COPY_PHASE_STRIP = NO;
				DEBUG_INFORMATION_FORMAT = dwarf;
				ENABLE_STRICT_OBJC_MSGSEND = YES;
				ENABLE_TESTABILITY = YES;
				ENABLE_USER_SCRIPT_SANDBOXING = YES;
				GCC_C_LANGUAGE_STANDARD = gnu17;
				GCC_DYNAMIC_NO_PIC = NO;
				GCC_NO_COMMON_BLOCKS = YES;
				GCC_OPTIMIZATION_LEVEL = 0;
				GCC_PREPROCESSOR_DEFINITIONS = (
					"DEBUG=1",
					"$(inherited)",
				);
				GCC_WARN_64_TO_32_BIT_CONVERSION = YES;
				GCC_WARN_ABOUT_RETURN_TYPE = YES_ERROR;
				GCC_WARN_UNDECLARED_SELECTOR = YES;
				GCC_WARN_UNINITIALIZED_AUTOS = YES_AGGRESSIVE;
				GCC_WARN_UNUSED_FUNCTION = YES;
				GCC_WARN_UNUSED_VARIABLE = YES;
				IPHONEOS_DEPLOYMENT_TARGET = 17.4;
				LOCALIZATION_PREFERS_STRING_CATALOGS = YES;
				MTL_ENABLE_DEBUG_INFO = INCLUDE_SOURCE;
				MTL_FAST_MATH = YES;
				ONLY_ACTIVE_ARCH = YES;
				SDKROOT = iphoneos;
				SWIFT_ACTIVE_COMPILATION_CONDITIONS = "DEBUG $(inherited)";
				SWIFT_OPTIMIZATION_LEVEL = "-Onone";
			};
			name = Debug;
		};
		546DAEAC2BC0183D0070E435 /* Release */ = {
			isa = XCBuildConfiguration;
			buildSettings = {
				ALWAYS_SEARCH_USER_PATHS = NO;
				ASSETCATALOG_COMPILER_GENERATE_SWIFT_ASSET_SYMBOL_EXTENSIONS = YES;
				CLANG_ANALYZER_NONNULL = YES;
				CLANG_ANALYZER_NUMBER_OBJECT_CONVERSION = YES_AGGRESSIVE;
				CLANG_CXX_LANGUAGE_STANDARD = "gnu++20";
				CLANG_ENABLE_MODULES = YES;
				CLANG_ENABLE_OBJC_ARC = YES;
				CLANG_ENABLE_OBJC_WEAK = YES;
				CLANG_WARN_BLOCK_CAPTURE_AUTORELEASING = YES;
				CLANG_WARN_BOOL_CONVERSION = YES;
				CLANG_WARN_COMMA = YES;
				CLANG_WARN_CONSTANT_CONVERSION = YES;
				CLANG_WARN_DEPRECATED_OBJC_IMPLEMENTATIONS = YES;
				CLANG_WARN_DIRECT_OBJC_ISA_USAGE = YES_ERROR;
				CLANG_WARN_DOCUMENTATION_COMMENTS = YES;
				CLANG_WARN_EMPTY_BODY = YES;
				CLANG_WARN_ENUM_CONVERSION = YES;
				CLANG_WARN_INFINITE_RECURSION = YES;
				CLANG_WARN_INT_CONVERSION = YES;
				CLANG_WARN_NON_LITERAL_NULL_CONVERSION = YES;
				CLANG_WARN_OBJC_IMPLICIT_RETAIN_SELF = YES;
				CLANG_WARN_OBJC_LITERAL_CONVERSION = YES;
				CLANG_WARN_OBJC_ROOT_CLASS = YES_ERROR;
				CLANG_WARN_QUOTED_INCLUDE_IN_FRAMEWORK_HEADER = YES;
				CLANG_WARN_RANGE_LOOP_ANALYSIS = YES;
				CLANG_WARN_STRICT_PROTOTYPES = YES;
				CLANG_WARN_SUSPICIOUS_MOVE = YES;
				CLANG_WARN_UNGUARDED_AVAILABILITY = YES_AGGRESSIVE;
				CLANG_WARN_UNREACHABLE_CODE = YES;
				CLANG_WARN__DUPLICATE_METHOD_MATCH = YES;
				COPY_PHASE_STRIP = NO;
				DEBUG_INFORMATION_FORMAT = "dwarf-with-dsym";
				ENABLE_NS_ASSERTIONS = NO;
				ENABLE_STRICT_OBJC_MSGSEND = YES;
				ENABLE_USER_SCRIPT_SANDBOXING = YES;
				GCC_C_LANGUAGE_STANDARD = gnu17;
				GCC_NO_COMMON_BLOCKS = YES;
				GCC_WARN_64_TO_32_BIT_CONVERSION = YES;
				GCC_WARN_ABOUT_RETURN_TYPE = YES_ERROR;
				GCC_WARN_UNDECLARED_SELECTOR = YES;
				GCC_WARN_UNINITIALIZED_AUTOS = YES_AGGRESSIVE;
				GCC_WARN_UNUSED_FUNCTION = YES;
				GCC_WARN_UNUSED_VARIABLE = YES;
				IPHONEOS_DEPLOYMENT_TARGET = 17.4;
				LOCALIZATION_PREFERS_STRING_CATALOGS = YES;
				MTL_ENABLE_DEBUG_INFO = NO;
				MTL_FAST_MATH = YES;
				SDKROOT = iphoneos;
				SWIFT_COMPILATION_MODE = wholemodule;
				VALIDATE_PRODUCT = YES;
			};
			name = Release;
		};
		546DAEAE2BC0183D0070E435 /* Debug */ = {
			isa = XCBuildConfiguration;
			buildSettings = {
				ASSETCATALOG_COMPILER_APPICON_NAME = AppIcon;
				ASSETCATALOG_COMPILER_GLOBAL_ACCENT_COLOR_NAME = AccentColor;
				CODE_SIGN_STYLE = Automatic;
				CURRENT_PROJECT_VERSION = 1;
				DEVELOPMENT_ASSET_PATHS = "\"CombineLessons/Preview Content\"";
				DEVELOPMENT_TEAM = 6N55PVMV5W;
				ENABLE_PREVIEWS = YES;
				GENERATE_INFOPLIST_FILE = YES;
				INFOPLIST_KEY_UIApplicationSceneManifest_Generation = YES;
				INFOPLIST_KEY_UIApplicationSupportsIndirectInputEvents = YES;
				INFOPLIST_KEY_UILaunchScreen_Generation = YES;
				INFOPLIST_KEY_UISupportedInterfaceOrientations_iPad = "UIInterfaceOrientationPortrait UIInterfaceOrientationPortraitUpsideDown UIInterfaceOrientationLandscapeLeft UIInterfaceOrientationLandscapeRight";
				INFOPLIST_KEY_UISupportedInterfaceOrientations_iPhone = "UIInterfaceOrientationPortrait UIInterfaceOrientationLandscapeLeft UIInterfaceOrientationLandscapeRight";
				LD_RUNPATH_SEARCH_PATHS = (
					"$(inherited)",
					"@executable_path/Frameworks",
				);
				MARKETING_VERSION = 1.0;
				PRODUCT_BUNDLE_IDENTIFIER = com.a4rek0v.CombineLessons;
				PRODUCT_NAME = "$(TARGET_NAME)";
				SWIFT_EMIT_LOC_STRINGS = YES;
				SWIFT_VERSION = 5.0;
				TARGETED_DEVICE_FAMILY = "1,2";
			};
			name = Debug;
		};
		546DAEAF2BC0183D0070E435 /* Release */ = {
			isa = XCBuildConfiguration;
			buildSettings = {
				ASSETCATALOG_COMPILER_APPICON_NAME = AppIcon;
				ASSETCATALOG_COMPILER_GLOBAL_ACCENT_COLOR_NAME = AccentColor;
				CODE_SIGN_STYLE = Automatic;
				CURRENT_PROJECT_VERSION = 1;
				DEVELOPMENT_ASSET_PATHS = "\"CombineLessons/Preview Content\"";
				DEVELOPMENT_TEAM = 6N55PVMV5W;
				ENABLE_PREVIEWS = YES;
				GENERATE_INFOPLIST_FILE = YES;
				INFOPLIST_KEY_UIApplicationSceneManifest_Generation = YES;
				INFOPLIST_KEY_UIApplicationSupportsIndirectInputEvents = YES;
				INFOPLIST_KEY_UILaunchScreen_Generation = YES;
				INFOPLIST_KEY_UISupportedInterfaceOrientations_iPad = "UIInterfaceOrientationPortrait UIInterfaceOrientationPortraitUpsideDown UIInterfaceOrientationLandscapeLeft UIInterfaceOrientationLandscapeRight";
				INFOPLIST_KEY_UISupportedInterfaceOrientations_iPhone = "UIInterfaceOrientationPortrait UIInterfaceOrientationLandscapeLeft UIInterfaceOrientationLandscapeRight";
				LD_RUNPATH_SEARCH_PATHS = (
					"$(inherited)",
					"@executable_path/Frameworks",
				);
				MARKETING_VERSION = 1.0;
				PRODUCT_BUNDLE_IDENTIFIER = com.a4rek0v.CombineLessons;
				PRODUCT_NAME = "$(TARGET_NAME)";
				SWIFT_EMIT_LOC_STRINGS = YES;
				SWIFT_VERSION = 5.0;
				TARGETED_DEVICE_FAMILY = "1,2";
			};
			name = Release;
		};
/* End XCBuildConfiguration section */

/* Begin XCConfigurationList section */
		546DAE9A2BC0183C0070E435 /* Build configuration list for PBXProject "CombineLessons" */ = {
			isa = XCConfigurationList;
			buildConfigurations = (
				546DAEAB2BC0183D0070E435 /* Debug */,
				546DAEAC2BC0183D0070E435 /* Release */,
			);
			defaultConfigurationIsVisible = 0;
			defaultConfigurationName = Release;
		};
		546DAEAD2BC0183D0070E435 /* Build configuration list for PBXNativeTarget "CombineLessons" */ = {
			isa = XCConfigurationList;
			buildConfigurations = (
				546DAEAE2BC0183D0070E435 /* Debug */,
				546DAEAF2BC0183D0070E435 /* Release */,
			);
			defaultConfigurationIsVisible = 0;
			defaultConfigurationName = Release;
		};
/* End XCConfigurationList section */
	};
	rootObject = 546DAE972BC0183C0070E435 /* Project object */;
}
